
Microsoft Visual Studio Solution File, Format Version 12.00
# Visual Studio Version 17
VisualStudioVersion = 17.5.33627.172
MinimumVisualStudioVersion = 10.0.40219.1
Project("{FAE04EC0-301F-11D3-BF4B-00C04F79EFBC}") = "Snake and Ladder", "Snake and Ladder\Snake and Ladder.csproj", "{3CD0DCE9-8F15-4404-A986-54237C204028}"
EndProject
Global
	GlobalSection(SolutionConfigurationPlatforms) = preSolution
		Debug|Any CPU = Debug|Any CPU
		Release|Any CPU = Release|Any CPU
	EndGlobalSection
	GlobalSection(ProjectConfigurationPlatforms) = postSolution
		{3CD0DCE9-8F15-4404-A986-54237C204028}.Debug|Any CPU.ActiveCfg = Debug|Any CPU
		{3CD0DCE9-8F15-4404-A986-54237C204028}.Debug|Any CPU.Build.0 = Debug|Any CPU
		{3CD0DCE9-8F15-4404-A986-54237C204028}.Release|Any CPU.ActiveCfg = Release|Any CPU
		{3CD0DCE9-8F15-4404-A986-54237C204028}.Release|Any CPU.Build.0 = Release|Any CPU
	EndGlobalSection
	GlobalSection(SolutionProperties) = preSolution
		HideSolutionNode = FALSE
	EndGlobalSection
	GlobalSection(ExtensibilityGlobals) = postSolution
		SolutionGuid = {DC9D8FAB-2DD4-4F2B-A8B8-BD4E9F0374C1}
	EndGlobalSection
EndGlobal
